
Microsoft Visual Studio Solution File, Format Version 12.00
# Visual Studio Version 17
VisualStudioVersion = 17.5.002.0
MinimumVisualStudioVersion = 10.0.40219.1
Project("{2150E333-8FDC-42A3-9474-1A3956D46DE8}") = "Back", "Back", "{EBBD70D9-05F5-4987-B707-338EBDE1BBAB}"
EndProject
Project("{9A19103F-16F7-4668-BE54-9A1E7A4F7556}") = "ProEventos.API", "Back\ProEventos.API\ProEventos.API.csproj", "{BD84C064-3107-469A-8485-4232362F45C7}"
EndProject
Global
	GlobalSection(SolutionConfigurationPlatforms) = preSolution
		Debug|Any CPU = Debug|Any CPU
		Release|Any CPU = Release|Any CPU
	EndGlobalSection
	GlobalSection(ProjectConfigurationPlatforms) = postSolution
		{BD84C064-3107-469A-8485-4232362F45C7}.Debug|Any CPU.ActiveCfg = Debug|Any CPU
		{BD84C064-3107-469A-8485-4232362F45C7}.Debug|Any CPU.Build.0 = Debug|Any CPU
		{BD84C064-3107-469A-8485-4232362F45C7}.Release|Any CPU.ActiveCfg = Release|Any CPU
		{BD84C064-3107-469A-8485-4232362F45C7}.Release|Any CPU.Build.0 = Release|Any CPU
	EndGlobalSection
	GlobalSection(SolutionProperties) = preSolution
		HideSolutionNode = FALSE
	EndGlobalSection
	GlobalSection(NestedProjects) = preSolution
		{BD84C064-3107-469A-8485-4232362F45C7} = {EBBD70D9-05F5-4987-B707-338EBDE1BBAB}
	EndGlobalSection
	GlobalSection(ExtensibilityGlobals) = postSolution
		SolutionGuid = {0E360FEB-2CF8-4F3C-A412-A5F099CDF21C}
	EndGlobalSection
EndGlobal
